Microsoft Visual Studio Solution File, Format Version 12.00
# Visual Studio Version 16
VisualStudioVersion = 16.0.0.0
MinimumVisualStudioVersion = 16.0.0.0
Project("{9A19103F-16F7-4668-BE54-9A1E7A4F7556}") = "HogeBlazor.Server", "Server\HogeBlazor.Server.csproj", "{E68727A3-CA84-4012-AAFD-5DB51E31700E}"
EndProject
Project("{9A19103F-16F7-4668-BE54-9A1E7A4F7556}") = "HogeBlazor.Client", "Client\HogeBlazor.Client.csproj", "{2D9F52FF-71BF-435C-96CA-61C80ECF089F}"
EndProject
Project("{9A19103F-16F7-4668-BE54-9A1E7A4F7556}") = "HogeBlazor.Shared", "Shared\HogeBlazor.Shared.csproj", "{A8AE8022-114F-4F41-A8EC-A901EC993179}"
EndProject
Project("{FAE04EC0-301F-11D3-BF4B-00C04F79EFBC}") = "Client.Test", "Client.Test\Client.Test.csproj", "{AA8BA1A5-DB31-4996-BEE5-590B6627CB12}"
EndProject
Project("{FAE04EC0-301F-11D3-BF4B-00C04F79EFBC}") = "Server.Test", "Server.Test\Server.Test.csproj", "{E04A6053-25A1-4F71-AE57-95287301779A}"
EndProject
Project("{FAE04EC0-301F-11D3-BF4B-00C04F79EFBC}") = "Shared.Test", "Shared.Test\Shared.Test.csproj", "{6E0D5681-3766-46B0-B2C2-6425911770F9}"
EndProject
Project("{2150E333-8FDC-42A3-9474-1A3956D46DE8}") = "HogeFunction", "HogeFunction", "{BE45BEF2-CD31-421B-A4DC-B48F5B475711}"
EndProject
Project("{2150E333-8FDC-42A3-9474-1A3956D46DE8}") = "src", "src", "{AA6626F3-6E5E-4DF3-A10E-47BEEC8B89C9}"
EndProject
Project("{FAE04EC0-301F-11D3-BF4B-00C04F79EFBC}") = "HogeFunction", "HogeFunction\src\HogeFunction\HogeFunction.csproj", "{B86CA3DC-9976-4F22-AA7D-04A983D1EA5D}"
EndProject
Project("{2150E333-8FDC-42A3-9474-1A3956D46DE8}") = "test", "test", "{79474E50-8A79-4174-AED0-5E6767BE6F38}"
EndProject
Project("{FAE04EC0-301F-11D3-BF4B-00C04F79EFBC}") = "HogeFunction.Tests", "HogeFunction\test\HogeFunction.Tests\HogeFunction.Tests.csproj", "{7B039035-E174-4860-AB1E-2F23ADE50D2B}"
EndProject
Global
	GlobalSection(SolutionConfigurationPlatforms) = preSolution
		Debug|Any CPU = Debug|Any CPU
		Debug|x64 = Debug|x64
		Debug|x86 = Debug|x86
		Release|Any CPU = Release|Any CPU
		Release|x64 = Release|x64
		Release|x86 = Release|x86
	EndGlobalSection
	GlobalSection(ProjectConfigurationPlatforms) = postSolution
		{2D9F52FF-71BF-435C-96CA-61C80ECF089F}.Debug|Any CPU.ActiveCfg = Debug|Any CPU
		{2D9F52FF-71BF-435C-96CA-61C80ECF089F}.Debug|Any CPU.Build.0 = Debug|Any CPU
		{2D9F52FF-71BF-435C-96CA-61C80ECF089F}.Debug|x64.ActiveCfg = Debug|Any CPU
		{2D9F52FF-71BF-435C-96CA-61C80ECF089F}.Debug|x64.Build.0 = Debug|Any CPU
		{2D9F52FF-71BF-435C-96CA-61C80ECF089F}.Debug|x86.ActiveCfg = Debug|Any CPU
		{2D9F52FF-71BF-435C-96CA-61C80ECF089F}.Debug|x86.Build.0 = Debug|Any CPU
		{2D9F52FF-71BF-435C-96CA-61C80ECF089F}.Release|Any CPU.ActiveCfg = Release|Any CPU
		{2D9F52FF-71BF-435C-96CA-61C80ECF089F}.Release|Any CPU.Build.0 = Release|Any CPU
		{2D9F52FF-71BF-435C-96CA-61C80ECF089F}.Release|x64.ActiveCfg = Release|Any CPU
		{2D9F52FF-71BF-435C-96CA-61C80ECF089F}.Release|x64.Build.0 = Release|Any CPU
		{2D9F52FF-71BF-435C-96CA-61C80ECF089F}.Release|x86.ActiveCfg = Release|Any CPU
		{2D9F52FF-71BF-435C-96CA-61C80ECF089F}.Release|x86.Build.0 = Release|Any CPU
		{E68727A3-CA84-4012-AAFD-5DB51E31700E}.Debug|Any CPU.ActiveCfg = Debug|Any CPU
		{E68727A3-CA84-4012-AAFD-5DB51E31700E}.Debug|Any CPU.Build.0 = Debug|Any CPU
		{E68727A3-CA84-4012-AAFD-5DB51E31700E}.Debug|x64.ActiveCfg = Debug|Any CPU
		{E68727A3-CA84-4012-AAFD-5DB51E31700E}.Debug|x64.Build.0 = Debug|Any CPU
		{E68727A3-CA84-4012-AAFD-5DB51E31700E}.Debug|x86.ActiveCfg = Debug|Any CPU
		{E68727A3-CA84-4012-AAFD-5DB51E31700E}.Debug|x86.Build.0 = Debug|Any CPU
		{E68727A3-CA84-4012-AAFD-5DB51E31700E}.Release|Any CPU.ActiveCfg = Release|Any CPU
		{E68727A3-CA84-4012-AAFD-5DB51E31700E}.Release|Any CPU.Build.0 = Release|Any CPU
		{E68727A3-CA84-4012-AAFD-5DB51E31700E}.Release|x64.ActiveCfg = Release|Any CPU
		{E68727A3-CA84-4012-AAFD-5DB51E31700E}.Release|x64.Build.0 = Release|Any CPU
		{E68727A3-CA84-4012-AAFD-5DB51E31700E}.Release|x86.ActiveCfg = Release|Any CPU
		{E68727A3-CA84-4012-AAFD-5DB51E31700E}.Release|x86.Build.0 = Release|Any CPU
		{A8AE8022-114F-4F41-A8EC-A901EC993179}.Debug|Any CPU.ActiveCfg = Debug|Any CPU
		{A8AE8022-114F-4F41-A8EC-A901EC993179}.Debug|Any CPU.Build.0 = Debug|Any CPU
		{A8AE8022-114F-4F41-A8EC-A901EC993179}.Debug|x64.ActiveCfg = Debug|Any CPU
		{A8AE8022-114F-4F41-A8EC-A901EC993179}.Debug|x64.Build.0 = Debug|Any CPU
		{A8AE8022-114F-4F41-A8EC-A901EC993179}.Debug|x86.ActiveCfg = Debug|Any CPU
		{A8AE8022-114F-4F41-A8EC-A901EC993179}.Debug|x86.Build.0 = Debug|Any CPU
		{A8AE8022-114F-4F41-A8EC-A901EC993179}.Release|Any CPU.ActiveCfg = Release|Any CPU
		{A8AE8022-114F-4F41-A8EC-A901EC993179}.Release|Any CPU.Build.0 = Release|Any CPU
		{A8AE8022-114F-4F41-A8EC-A901EC993179}.Release|x64.ActiveCfg = Release|Any CPU
		{A8AE8022-114F-4F41-A8EC-A901EC993179}.Release|x64.Build.0 = Release|Any CPU
		{A8AE8022-114F-4F41-A8EC-A901EC993179}.Release|x86.ActiveCfg = Release|Any CPU
		{A8AE8022-114F-4F41-A8EC-A901EC993179}.Release|x86.Build.0 = Release|Any CPU
		{AA8BA1A5-DB31-4996-BEE5-590B6627CB12}.Debug|Any CPU.ActiveCfg = Debug|Any CPU
		{AA8BA1A5-DB31-4996-BEE5-590B6627CB12}.Debug|Any CPU.Build.0 = Debug|Any CPU
		{AA8BA1A5-DB31-4996-BEE5-590B6627CB12}.Debug|x64.ActiveCfg = Debug|Any CPU
		{AA8BA1A5-DB31-4996-BEE5-590B6627CB12}.Debug|x64.Build.0 = Debug|Any CPU
		{AA8BA1A5-DB31-4996-BEE5-590B6627CB12}.Debug|x86.ActiveCfg = Debug|Any CPU
		{AA8BA1A5-DB31-4996-BEE5-590B6627CB12}.Debug|x86.Build.0 = Debug|Any CPU
		{AA8BA1A5-DB31-4996-BEE5-590B6627CB12}.Release|Any CPU.ActiveCfg = Release|Any CPU
		{AA8BA1A5-DB31-4996-BEE5-590B6627CB12}.Release|Any CPU.Build.0 = Release|Any CPU
		{AA8BA1A5-DB31-4996-BEE5-590B6627CB12}.Release|x64.ActiveCfg = Release|Any CPU
		{AA8BA1A5-DB31-4996-BEE5-590B6627CB12}.Release|x64.Build.0 = Release|Any CPU
		{AA8BA1A5-DB31-4996-BEE5-590B6627CB12}.Release|x86.ActiveCfg = Release|Any CPU
		{AA8BA1A5-DB31-4996-BEE5-590B6627CB12}.Release|x86.Build.0 = Release|Any CPU
		{E04A6053-25A1-4F71-AE57-95287301779A}.Debug|Any CPU.ActiveCfg = Debug|Any CPU
		{E04A6053-25A1-4F71-AE57-95287301779A}.Debug|Any CPU.Build.0 = Debug|Any CPU
		{E04A6053-25A1-4F71-AE57-95287301779A}.Debug|x64.ActiveCfg = Debug|Any CPU
		{E04A6053-25A1-4F71-AE57-95287301779A}.Debug|x64.Build.0 = Debug|Any CPU
		{E04A6053-25A1-4F71-AE57-95287301779A}.Debug|x86.ActiveCfg = Debug|Any CPU
		{E04A6053-25A1-4F71-AE57-95287301779A}.Debug|x86.Build.0 = Debug|Any CPU
		{E04A6053-25A1-4F71-AE57-95287301779A}.Release|Any CPU.ActiveCfg = Release|Any CPU
		{E04A6053-25A1-4F71-AE57-95287301779A}.Release|Any CPU.Build.0 = Release|Any CPU
		{E04A6053-25A1-4F71-AE57-95287301779A}.Release|x64.ActiveCfg = Release|Any CPU
		{E04A6053-25A1-4F71-AE57-95287301779A}.Release|x64.Build.0 = Release|Any CPU
		{E04A6053-25A1-4F71-AE57-95287301779A}.Release|x86.ActiveCfg = Release|Any CPU
		{E04A6053-25A1-4F71-AE57-95287301779A}.Release|x86.Build.0 = Release|Any CPU
		{6E0D5681-3766-46B0-B2C2-6425911770F9}.Debug|Any CPU.ActiveCfg = Debug|Any CPU
		{6E0D5681-3766-46B0-B2C2-6425911770F9}.Debug|Any CPU.Build.0 = Debug|Any CPU
		{6E0D5681-3766-46B0-B2C2-6425911770F9}.Debug|x64.ActiveCfg = Debug|Any CPU
		{6E0D5681-3766-46B0-B2C2-6425911770F9}.Debug|x64.Build.0 = Debug|Any CPU
		{6E0D5681-3766-46B0-B2C2-6425911770F9}.Debug|x86.ActiveCfg = Debug|Any CPU
		{6E0D5681-3766-46B0-B2C2-6425911770F9}.Debug|x86.Build.0 = Debug|Any CPU
		{6E0D5681-3766-46B0-B2C2-6425911770F9}.Release|Any CPU.ActiveCfg = Release|Any CPU
		{6E0D5681-3766-46B0-B2C2-6425911770F9}.Release|Any CPU.Build.0 = Release|Any CPU
		{6E0D5681-3766-46B0-B2C2-6425911770F9}.Release|x64.ActiveCfg = Release|Any CPU
		{6E0D5681-3766-46B0-B2C2-6425911770F9}.Release|x64.Build.0 = Release|Any CPU
		{6E0D5681-3766-46B0-B2C2-6425911770F9}.Release|x86.ActiveCfg = Release|Any CPU
		{6E0D5681-3766-46B0-B2C2-6425911770F9}.Release|x86.Build.0 = Release|Any CPU
		{B86CA3DC-9976-4F22-AA7D-04A983D1EA5D}.Debug|Any CPU.ActiveCfg = Debug|Any CPU
		{B86CA3DC-9976-4F22-AA7D-04A983D1EA5D}.Debug|Any CPU.Build.0 = Debug|Any CPU
		{B86CA3DC-9976-4F22-AA7D-04A983D1EA5D}.Debug|x64.ActiveCfg = Debug|Any CPU
		{B86CA3DC-9976-4F22-AA7D-04A983D1EA5D}.Debug|x64.Build.0 = Debug|Any CPU
		{B86CA3DC-9976-4F22-AA7D-04A983D1EA5D}.Debug|x86.ActiveCfg = Debug|Any CPU
		{B86CA3DC-9976-4F22-AA7D-04A983D1EA5D}.Debug|x86.Build.0 = Debug|Any CPU
		{B86CA3DC-9976-4F22-AA7D-04A983D1EA5D}.Release|Any CPU.ActiveCfg = Release|Any CPU
		{B86CA3DC-9976-4F22-AA7D-04A983D1EA5D}.Release|Any CPU.Build.0 = Release|Any CPU
		{B86CA3DC-9976-4F22-AA7D-04A983D1EA5D}.Release|x64.ActiveCfg = Release|Any CPU
		{B86CA3DC-9976-4F22-AA7D-04A983D1EA5D}.Release|x64.Build.0 = Release|Any CPU
		{B86CA3DC-9976-4F22-AA7D-04A983D1EA5D}.Release|x86.ActiveCfg = Release|Any CPU
		{B86CA3DC-9976-4F22-AA7D-04A983D1EA5D}.Release|x86.Build.0 = Release|Any CPU
		{7B039035-E174-4860-AB1E-2F23ADE50D2B}.Debug|Any CPU.ActiveCfg = Debug|Any CPU
		{7B039035-E174-4860-AB1E-2F23ADE50D2B}.Debug|Any CPU.Build.0 = Debug|Any CPU
		{7B039035-E174-4860-AB1E-2F23ADE50D2B}.Debug|x64.ActiveCfg = Debug|Any CPU
		{7B039035-E174-4860-AB1E-2F23ADE50D2B}.Debug|x64.Build.0 = Debug|Any CPU
		{7B039035-E174-4860-AB1E-2F23ADE50D2B}.Debug|x86.ActiveCfg = Debug|Any CPU
		{7B039035-E174-4860-AB1E-2F23ADE50D2B}.Debug|x86.Build.0 = Debug|Any CPU
		{7B039035-E174-4860-AB1E-2F23ADE50D2B}.Release|Any CPU.ActiveCfg = Release|Any CPU
		{7B039035-E174-4860-AB1E-2F23ADE50D2B}.Release|Any CPU.Build.0 = Release|Any CPU
		{7B039035-E174-4860-AB1E-2F23ADE50D2B}.Release|x64.ActiveCfg = Release|Any CPU
		{7B039035-E174-4860-AB1E-2F23ADE50D2B}.Release|x64.Build.0 = Release|Any CPU
		{7B039035-E174-4860-AB1E-2F23ADE50D2B}.Release|x86.ActiveCfg = Release|Any CPU
		{7B039035-E174-4860-AB1E-2F23ADE50D2B}.Release|x86.Build.0 = Release|Any CPU
	EndGlobalSection
	GlobalSection(SolutionProperties) = preSolution
		HideSolutionNode = FALSE
	EndGlobalSection
	GlobalSection(ExtensibilityGlobals) = postSolution
		SolutionGuid = {9BC7A02A-2776-4988-9416-CD607338A24B}
	EndGlobalSection
	GlobalSection(NestedProjects) = preSolution
		{AA6626F3-6E5E-4DF3-A10E-47BEEC8B89C9} = {BE45BEF2-CD31-421B-A4DC-B48F5B475711}
		{B86CA3DC-9976-4F22-AA7D-04A983D1EA5D} = {AA6626F3-6E5E-4DF3-A10E-47BEEC8B89C9}
		{79474E50-8A79-4174-AED0-5E6767BE6F38} = {BE45BEF2-CD31-421B-A4DC-B48F5B475711}
		{7B039035-E174-4860-AB1E-2F23ADE50D2B} = {79474E50-8A79-4174-AED0-5E6767BE6F38}
	EndGlobalSection
EndGlobal
